
Microsoft Visual Studio Solution File, Format Version 12.00
Project("{FAE04EC0-301F-11D3-BF4B-00C04F79EFBC}") = "Noodle", "src\Noodle\Noodle.csproj", "{002754CB-D182-436F-9B1E-1E247BCAA329}"
EndProject
Project("{FAE04EC0-301F-11D3-BF4B-00C04F79EFBC}") = "Noodle.Common", "src\Noodle.Common\Noodle.Common.csproj", "{CCA89EB3-70CE-4615-BCF7-6C9923A7AEA5}"
EndProject
Global
	GlobalSection(SolutionConfigurationPlatforms) = preSolution
		Debug|Any CPU = Debug|Any CPU
		Release|Any CPU = Release|Any CPU
	EndGlobalSection
	GlobalSection(ProjectConfigurationPlatforms) = postSolution
		{002754CB-D182-436F-9B1E-1E247BCAA329}.Debug|Any CPU.ActiveCfg = Debug|Any CPU
		{002754CB-D182-436F-9B1E-1E247BCAA329}.Debug|Any CPU.Build.0 = Debug|Any CPU
		{002754CB-D182-436F-9B1E-1E247BCAA329}.Release|Any CPU.ActiveCfg = Release|Any CPU
		{002754CB-D182-436F-9B1E-1E247BCAA329}.Release|Any CPU.Build.0 = Release|Any CPU
		{CCA89EB3-70CE-4615-BCF7-6C9923A7AEA5}.Debug|Any CPU.ActiveCfg = Debug|Any CPU
		{CCA89EB3-70CE-4615-BCF7-6C9923A7AEA5}.Debug|Any CPU.Build.0 = Debug|Any CPU
		{CCA89EB3-70CE-4615-BCF7-6C9923A7AEA5}.Release|Any CPU.ActiveCfg = Release|Any CPU
		{CCA89EB3-70CE-4615-BCF7-6C9923A7AEA5}.Release|Any CPU.Build.0 = Release|Any CPU
	EndGlobalSection
EndGlobal
